
Microsoft Visual Studio Solution File, Format Version 12.00
# Visual Studio Version 17
VisualStudioVersion = 17.3.32929.385
MinimumVisualStudioVersion = 10.0.40219.1
Project("{FAE04EC0-301F-11D3-BF4B-00C04F79EFBC}") = "Project3", "Project3\Project3.csproj", "{975898AD-088F-435A-95FA-FEBE04CC2C76}"
EndProject
Global
	GlobalSection(SolutionConfigurationPlatforms) = preSolution
		Debug|Any CPU = Debug|Any CPU
		Release|Any CPU = Release|Any CPU
	EndGlobalSection
	GlobalSection(ProjectConfigurationPlatforms) = postSolution
		{975898AD-088F-435A-95FA-FEBE04CC2C76}.Debug|Any CPU.ActiveCfg = Debug|Any CPU
		{975898AD-088F-435A-95FA-FEBE04CC2C76}.Debug|Any CPU.Build.0 = Debug|Any CPU
		{975898AD-088F-435A-95FA-FEBE04CC2C76}.Release|Any CPU.ActiveCfg = Release|Any CPU
		{975898AD-088F-435A-95FA-FEBE04CC2C76}.Release|Any CPU.Build.0 = Release|Any CPU
	EndGlobalSection
	GlobalSection(SolutionProperties) = preSolution
		HideSolutionNode = FALSE
	EndGlobalSection
	GlobalSection(ExtensibilityGlobals) = postSolution
		SolutionGuid = {143A40F3-FC36-477E-8304-D70F46DAE974}
	EndGlobalSection
EndGlobal
